{
  "name": "hubzero",
  "lockfileVersion": 3,
  "requires": true,
  "packages": {
    "": {
      "devDependencies": {
        "@hubzero/core": "^3.0.0"
      }
    },
    "node_modules/@hubzero/core": {
      "version": "3.0.0",
      "resolved": "https://registry.npmjs.org/@hubzero/core/-/core-3.0.0.tgz",
      "integrity": "sha512-gw6MbTfKqe6PoI7IESph2m2Bx5pzUiVX2WGKVboH8iMOwyzDI63qDx5/4+FoXLdWSheg08YC198uM2k5RbsXpQ==",
      "dev": true,
      "license": "Apache-2.0",
      "bin": {
        "hz": "bin/hz.js"
      }
    }
  }
}
